
Microsoft Visual Studio Solution File, Format Version 12.00
# Visual Studio Version 16
VisualStudioVersion = 16.0.31005.135
MinimumVisualStudioVersion = 10.0.40219.1
Project("{FAE04EC0-301F-11D3-BF4B-00C04F79EFBC}") = "ManageApi", "ManageApi\ManageApi.csproj", "{B504780F-15B6-456E-961A-14DA2F19B79C}"
EndProject
Global
	GlobalSection(SolutionConfigurationPlatforms) = preSolution
		Debug|Any CPU = Debug|Any CPU
		Release|Any CPU = Release|Any CPU
	EndGlobalSection
	GlobalSection(ProjectConfigurationPlatforms) = postSolution
		{B504780F-15B6-456E-961A-14DA2F19B79C}.Debug|Any CPU.ActiveCfg = Debug|Any CPU
		{B504780F-15B6-456E-961A-14DA2F19B79C}.Debug|Any CPU.Build.0 = Debug|Any CPU
		{B504780F-15B6-456E-961A-14DA2F19B79C}.Release|Any CPU.ActiveCfg = Release|Any CPU
		{B504780F-15B6-456E-961A-14DA2F19B79C}.Release|Any CPU.Build.0 = Release|Any CPU
	EndGlobalSection
	GlobalSection(SolutionProperties) = preSolution
		HideSolutionNode = FALSE
	EndGlobalSection
	GlobalSection(ExtensibilityGlobals) = postSolution
		SolutionGuid = {4B24EAB2-6A10-453D-A390-F0957983AF90}
	EndGlobalSection
EndGlobal
